
Microsoft Visual Studio Solution File, Format Version 12.00
# Visual Studio 15
VisualStudioVersion = 15.0.27428.2015
MinimumVisualStudioVersion = 10.0.40219.1
Project("{FAE04EC0-301F-11D3-BF4B-00C04F79EFBC}") = "FinalConsoleApp", "FinalConsoleApp\FinalConsoleApp.csproj", "{A48E60FB-E7B6-4837-A044-F3864B54FA86}"
EndProject
Global
	GlobalSection(SolutionConfigurationPlatforms) = preSolution
		Debug|Any CPU = Debug|Any CPU
		Release|Any CPU = Release|Any CPU
	EndGlobalSection
	GlobalSection(ProjectConfigurationPlatforms) = postSolution
		{A48E60FB-E7B6-4837-A044-F3864B54FA86}.Debug|Any CPU.ActiveCfg = Debug|Any CPU
		{A48E60FB-E7B6-4837-A044-F3864B54FA86}.Debug|Any CPU.Build.0 = Debug|Any CPU
		{A48E60FB-E7B6-4837-A044-F3864B54FA86}.Release|Any CPU.ActiveCfg = Release|Any CPU
		{A48E60FB-E7B6-4837-A044-F3864B54FA86}.Release|Any CPU.Build.0 = Release|Any CPU
	EndGlobalSection
	GlobalSection(SolutionProperties) = preSolution
		HideSolutionNode = FALSE
	EndGlobalSection
	GlobalSection(ExtensibilityGlobals) = postSolution
		SolutionGuid = {A73901AF-C651-48E8-A0DB-6E630529528C}
	EndGlobalSection
EndGlobal
